Microsoft Visual Studio Solution File, Format Version 12.00
# Visual Studio Version 16
VisualStudioVersion = 16.0.28917.181
MinimumVisualStudioVersion = 10.0.40219.1
Project("{FAE04EC0-301F-11D3-BF4B-00C04F79EFBC}") = "smartService", "..\..\..\..\..\inetpub\wwwroot\smartService\smartService.csproj", "{5340FA3D-EC45-4432-844B-2A8E3AA92E62}"
EndProject
Global
	GlobalSection(SolutionConfigurationPlatforms) = preSolution
		Debug|Default = Debug|Default
		Release|Default = Release|Default
	EndGlobalSection
	GlobalSection(ProjectConfigurationPlatforms) = postSolution
		{5340FA3D-EC45-4432-844B-2A8E3AA92E62}.Debug|Default.ActiveCfg = Debug|Any CPU
		{5340FA3D-EC45-4432-844B-2A8E3AA92E62}.Debug|Default.Build.0 = Debug|Any CPU
		{5340FA3D-EC45-4432-844B-2A8E3AA92E62}.Release|Default.ActiveCfg = Release|Any CPU
		{5340FA3D-EC45-4432-844B-2A8E3AA92E62}.Release|Default.Build.0 = Release|Any CPU
	EndGlobalSection
	GlobalSection(SolutionProperties) = preSolution
		HideSolutionNode = FALSE
	EndGlobalSection
	GlobalSection(ExtensibilityGlobals) = postSolution
		SolutionGuid = {9EACB494-2051-4C34-9B8F-04FC4BFBBF75}
	EndGlobalSection
EndGlobal
